
Microsoft Visual Studio Solution File, Format Version 12.00
# Visual Studio Version 17
VisualStudioVersion = 17.0.31903.59
MinimumVisualStudioVersion = 10.0.40219.1
Project("{2150E333-8FDC-42A3-9474-1A3956D46DE8}") = "src", "src", "{125FFEFA-7A4F-4498-BB61-71722C2095ED}"
EndProject
Project("{FAE04EC0-301F-11D3-BF4B-00C04F79EFBC}") = "mcinv", "src\mcinv\mcinv.csproj", "{F1751F35-D200-4D95-AFF3-4F9744080D52}"
EndProject
Project("{FAE04EC0-301F-11D3-BF4B-00C04F79EFBC}") = "mcinv.test", "src\mcinv.test\mcinv.test.csproj", "{46AD73E1-4DFE-4577-8216-8C47AE28B2D4}"
EndProject
Global
	GlobalSection(SolutionConfigurationPlatforms) = preSolution
		Debug|Any CPU = Debug|Any CPU
		Release|Any CPU = Release|Any CPU
	EndGlobalSection
	GlobalSection(SolutionProperties) = preSolution
		HideSolutionNode = FALSE
	EndGlobalSection
	GlobalSection(ProjectConfigurationPlatforms) = postSolution
		{F1751F35-D200-4D95-AFF3-4F9744080D52}.Debug|Any CPU.ActiveCfg = Debug|Any CPU
		{F1751F35-D200-4D95-AFF3-4F9744080D52}.Debug|Any CPU.Build.0 = Debug|Any CPU
		{F1751F35-D200-4D95-AFF3-4F9744080D52}.Release|Any CPU.ActiveCfg = Release|Any CPU
		{F1751F35-D200-4D95-AFF3-4F9744080D52}.Release|Any CPU.Build.0 = Release|Any CPU
		{46AD73E1-4DFE-4577-8216-8C47AE28B2D4}.Debug|Any CPU.ActiveCfg = Debug|Any CPU
		{46AD73E1-4DFE-4577-8216-8C47AE28B2D4}.Debug|Any CPU.Build.0 = Debug|Any CPU
		{46AD73E1-4DFE-4577-8216-8C47AE28B2D4}.Release|Any CPU.ActiveCfg = Release|Any CPU
		{46AD73E1-4DFE-4577-8216-8C47AE28B2D4}.Release|Any CPU.Build.0 = Release|Any CPU
	EndGlobalSection
	GlobalSection(NestedProjects) = preSolution
		{F1751F35-D200-4D95-AFF3-4F9744080D52} = {125FFEFA-7A4F-4498-BB61-71722C2095ED}
		{46AD73E1-4DFE-4577-8216-8C47AE28B2D4} = {125FFEFA-7A4F-4498-BB61-71722C2095ED}
	EndGlobalSection
EndGlobal
